
Microsoft Visual Studio Solution File, Format Version 12.00
# Visual Studio Version 16
VisualStudioVersion = 16.0.29123.88
MinimumVisualStudioVersion = 10.0.40219.1
Project("{FAE04EC0-301F-11D3-BF4B-00C04F79EFBC}") = "HelloWorld", "HelloWorld\HelloWorld.csproj", "{C3978288-5C83-4EDF-9A5D-AFE9734C7AEA}"
EndProject
Project("{FAE04EC0-301F-11D3-BF4B-00C04F79EFBC}") = "HelloWorldTests", "HelloWorldTests\HelloWorldTests.csproj", "{75286251-CD8D-4DF4-A5EC-3AB997CE09FC}"
EndProject
Global
	GlobalSection(SolutionConfigurationPlatforms) = preSolution
		Debug|Any CPU = Debug|Any CPU
		Release|Any CPU = Release|Any CPU
	EndGlobalSection
	GlobalSection(ProjectConfigurationPlatforms) = postSolution
		{C3978288-5C83-4EDF-9A5D-AFE9734C7AEA}.Debug|Any CPU.ActiveCfg = Debug|Any CPU
		{C3978288-5C83-4EDF-9A5D-AFE9734C7AEA}.Debug|Any CPU.Build.0 = Debug|Any CPU
		{C3978288-5C83-4EDF-9A5D-AFE9734C7AEA}.Release|Any CPU.ActiveCfg = Release|Any CPU
		{C3978288-5C83-4EDF-9A5D-AFE9734C7AEA}.Release|Any CPU.Build.0 = Release|Any CPU
		{75286251-CD8D-4DF4-A5EC-3AB997CE09FC}.Debug|Any CPU.ActiveCfg = Debug|Any CPU
		{75286251-CD8D-4DF4-A5EC-3AB997CE09FC}.Debug|Any CPU.Build.0 = Debug|Any CPU
		{75286251-CD8D-4DF4-A5EC-3AB997CE09FC}.Release|Any CPU.ActiveCfg = Release|Any CPU
		{75286251-CD8D-4DF4-A5EC-3AB997CE09FC}.Release|Any CPU.Build.0 = Release|Any CPU
	EndGlobalSection
	GlobalSection(SolutionProperties) = preSolution
		HideSolutionNode = FALSE
	EndGlobalSection
	GlobalSection(ExtensibilityGlobals) = postSolution
		SolutionGuid = {C6379910-EED7-4AB1-9035-E7E8F9205807}
	EndGlobalSection
EndGlobal
